
Microsoft Visual Studio Solution File, Format Version 12.00
# Visual Studio Version 17
VisualStudioVersion = 17.5.33530.505
MinimumVisualStudioVersion = 10.0.40219.1
Project("{9A19103F-16F7-4668-BE54-9A1E7A4F7556}") = "SpirvReflector", "SpirvReflector.csproj", "{434D418E-2568-419D-B38C-D2A40C62C5D6}"
EndProject
Project("{9A19103F-16F7-4668-BE54-9A1E7A4F7556}") = "ExampleProject", "..\ExampleProject\ExampleProject.csproj", "{6E90C716-B4BA-4056-89E6-4EE207A8132A}"
EndProject
Project("{2150E333-8FDC-42A3-9474-1A3956D46DE8}") = "Solution Items", "Solution Items", "{E75B0D1A-9F19-42F2-9715-D941923F533C}"
	ProjectSection(SolutionItems) = preProject
		..\.gitignore = ..\.gitignore
		..\LICENSE = ..\LICENSE
		..\README.md = ..\README.md
	EndProjectSection
EndProject
Global
	GlobalSection(SolutionConfigurationPlatforms) = preSolution
		Debug|Any CPU = Debug|Any CPU
		Debug|x64 = Debug|x64
		Release|Any CPU = Release|Any CPU
		Release|x64 = Release|x64
	EndGlobalSection
	GlobalSection(ProjectConfigurationPlatforms) = postSolution
		{434D418E-2568-419D-B38C-D2A40C62C5D6}.Debug|Any CPU.ActiveCfg = Debug|Any CPU
		{434D418E-2568-419D-B38C-D2A40C62C5D6}.Debug|Any CPU.Build.0 = Debug|Any CPU
		{434D418E-2568-419D-B38C-D2A40C62C5D6}.Debug|x64.ActiveCfg = Debug|x64
		{434D418E-2568-419D-B38C-D2A40C62C5D6}.Debug|x64.Build.0 = Debug|x64
		{434D418E-2568-419D-B38C-D2A40C62C5D6}.Release|Any CPU.ActiveCfg = Release|Any CPU
		{434D418E-2568-419D-B38C-D2A40C62C5D6}.Release|Any CPU.Build.0 = Release|Any CPU
		{434D418E-2568-419D-B38C-D2A40C62C5D6}.Release|x64.ActiveCfg = Release|x64
		{434D418E-2568-419D-B38C-D2A40C62C5D6}.Release|x64.Build.0 = Release|x64
		{6E90C716-B4BA-4056-89E6-4EE207A8132A}.Debug|Any CPU.ActiveCfg = Debug|Any CPU
		{6E90C716-B4BA-4056-89E6-4EE207A8132A}.Debug|Any CPU.Build.0 = Debug|Any CPU
		{6E90C716-B4BA-4056-89E6-4EE207A8132A}.Debug|x64.ActiveCfg = Debug|x64
		{6E90C716-B4BA-4056-89E6-4EE207A8132A}.Debug|x64.Build.0 = Debug|x64
		{6E90C716-B4BA-4056-89E6-4EE207A8132A}.Release|Any CPU.ActiveCfg = Release|Any CPU
		{6E90C716-B4BA-4056-89E6-4EE207A8132A}.Release|Any CPU.Build.0 = Release|Any CPU
		{6E90C716-B4BA-4056-89E6-4EE207A8132A}.Release|x64.ActiveCfg = Release|x64
		{6E90C716-B4BA-4056-89E6-4EE207A8132A}.Release|x64.Build.0 = Release|x64
	EndGlobalSection
	GlobalSection(SolutionProperties) = preSolution
		HideSolutionNode = FALSE
	EndGlobalSection
	GlobalSection(ExtensibilityGlobals) = postSolution
		SolutionGuid = {2A883D45-5DC5-4412-B825-F4E0D33923ED}
	EndGlobalSection
EndGlobal
